
Microsoft Visual Studio Solution File, Format Version 12.00
# Visual Studio Version 17
VisualStudioVersion = 17.5.002.0
MinimumVisualStudioVersion = 10.0.40219.1
Project("{2150E333-8FDC-42A3-9474-1A3956D46DE8}") = "csharp-prep", "csharp-prep", "{C428676E-5AA9-4DE0-A17F-C7D4BD477470}"
EndProject
Project("{9A19103F-16F7-4668-BE54-9A1E7A4F7556}") = "Prep1", "csharp-prep\Prep1\Prep1.csproj", "{B6740E51-41FF-4AE0-9CAC-CE0A893A610C}"
EndProject
Project("{9A19103F-16F7-4668-BE54-9A1E7A4F7556}") = "Prep2", "csharp-prep\Prep2\Prep2.csproj", "{6787E5CF-7DBD-4EAB-BC1B-936928F8E826}"
EndProject
Project("{9A19103F-16F7-4668-BE54-9A1E7A4F7556}") = "Prep3", "csharp-prep\Prep3\Prep3.csproj", "{6432BE19-5669-4C45-A942-F60108E74735}"
EndProject
Project("{9A19103F-16F7-4668-BE54-9A1E7A4F7556}") = "Prep4", "csharp-prep\Prep4\Prep4.csproj", "{9B30B09E-E951-4FCF-A288-2283BC652BD6}"
EndProject
Project("{9A19103F-16F7-4668-BE54-9A1E7A4F7556}") = "Prep5", "csharp-prep\Prep5\Prep5.csproj", "{623351CF-0C28-4926-8F6A-D65F2D6B0103}"
EndProject
Project("{2150E333-8FDC-42A3-9474-1A3956D46DE8}") = "final", "final", "{9BFB74C0-8BBE-4804-B8D1-0D036021D087}"
EndProject
Project("{9A19103F-16F7-4668-BE54-9A1E7A4F7556}") = "FinalProject", "final\FinalProject\FinalProject.csproj", "{BDF51AD3-8A16-4E5A-8B74-E93590A8FB58}"
EndProject
Project("{9A19103F-16F7-4668-BE54-9A1E7A4F7556}") = "Foundation1", "final\Foundation1\Foundation1.csproj", "{268A28BD-4096-4B4D-84BE-99C3DBCB8C79}"
EndProject
Project("{9A19103F-16F7-4668-BE54-9A1E7A4F7556}") = "Foundation2", "final\Foundation2\Foundation2.csproj", "{F054CF33-1FDB-4E5F-8C51-82EE37243F4D}"
EndProject
Project("{9A19103F-16F7-4668-BE54-9A1E7A4F7556}") = "Foundation3", "final\Foundation3\Foundation3.csproj", "{B7608D43-AF2A-40BE-9888-A142CDF507D9}"
EndProject
Project("{9A19103F-16F7-4668-BE54-9A1E7A4F7556}") = "Foundation4", "final\Foundation4\Foundation4.csproj", "{7A4A40A7-7075-4270-9BA0-2353F49D2930}"
EndProject
Project("{2150E333-8FDC-42A3-9474-1A3956D46DE8}") = "prepare", "prepare", "{28FA202B-2D3F-4B23-8863-C552B1FB5636}"
EndProject
Project("{9A19103F-16F7-4668-BE54-9A1E7A4F7556}") = "Learning02", "prepare\Learning02\Learning02.csproj", "{1A1163D7-29F0-4936-8005-96FD2D953A8F}"
EndProject
Project("{9A19103F-16F7-4668-BE54-9A1E7A4F7556}") = "Learning03", "prepare\Learning03\Learning03.csproj", "{FAB74DC3-FC95-4D29-B6EE-15F47D16727E}"
EndProject
Project("{9A19103F-16F7-4668-BE54-9A1E7A4F7556}") = "Learning04", "prepare\Learning04\Learning04.csproj", "{24166049-ADDF-4887-B19D-C4B1FADFCE34}"
EndProject
Project("{9A19103F-16F7-4668-BE54-9A1E7A4F7556}") = "Learning05", "prepare\Learning05\Learning05.csproj", "{72E707B5-C4AA-4E2C-923A-3BB3A48D6459}"
EndProject
Project("{2150E333-8FDC-42A3-9474-1A3956D46DE8}") = "prove", "prove", "{17E7B9E0-FD8D-4F0E-9227-561300AEE0C9}"
EndProject
Project("{9A19103F-16F7-4668-BE54-9A1E7A4F7556}") = "Develop02", "prove\Develop02\Develop02.csproj", "{4D57FF3E-57B2-42F7-AE6E-F63AD5D2FCD7}"
EndProject
Project("{9A19103F-16F7-4668-BE54-9A1E7A4F7556}") = "Develop03", "prove\Develop03\Develop03.csproj", "{17DBC750-4D30-4D10-8D30-0BA9E9C9947F}"
EndProject
Project("{9A19103F-16F7-4668-BE54-9A1E7A4F7556}") = "Develop04", "prove\Develop04\Develop04.csproj", "{C5D71236-2341-4D31-AC72-381012C1F33B}"
EndProject
Project("{9A19103F-16F7-4668-BE54-9A1E7A4F7556}") = "Develop05", "prove\Develop05\Develop05.csproj", "{239E652E-F2F5-4E11-A638-BD7028476EE7}"
EndProject
Project("{2150E333-8FDC-42A3-9474-1A3956D46DE8}") = "sandbox", "sandbox", "{54DC1A64-BCA2-40F9-B9BC-586006E468FB}"
EndProject
Project("{9A19103F-16F7-4668-BE54-9A1E7A4F7556}") = "Sandbox", "sandbox\Sandbox\Sandbox.csproj", "{E8EF8ABD-C8FD-4202-84BC-8556EB9C62CA}"
EndProject
Global
	GlobalSection(SolutionConfigurationPlatforms) = preSolution
		Debug|Any CPU = Debug|Any CPU
		Release|Any CPU = Release|Any CPU
	EndGlobalSection
	GlobalSection(ProjectConfigurationPlatforms) = postSolution
		{B6740E51-41FF-4AE0-9CAC-CE0A893A610C}.Debug|Any CPU.ActiveCfg = Debug|Any CPU
		{B6740E51-41FF-4AE0-9CAC-CE0A893A610C}.Debug|Any CPU.Build.0 = Debug|Any CPU
		{B6740E51-41FF-4AE0-9CAC-CE0A893A610C}.Release|Any CPU.ActiveCfg = Release|Any CPU
		{B6740E51-41FF-4AE0-9CAC-CE0A893A610C}.Release|Any CPU.Build.0 = Release|Any CPU
		{6787E5CF-7DBD-4EAB-BC1B-936928F8E826}.Debug|Any CPU.ActiveCfg = Debug|Any CPU
		{6787E5CF-7DBD-4EAB-BC1B-936928F8E826}.Debug|Any CPU.Build.0 = Debug|Any CPU
		{6787E5CF-7DBD-4EAB-BC1B-936928F8E826}.Release|Any CPU.ActiveCfg = Release|Any CPU
		{6787E5CF-7DBD-4EAB-BC1B-936928F8E826}.Release|Any CPU.Build.0 = Release|Any CPU
		{6432BE19-5669-4C45-A942-F60108E74735}.Debug|Any CPU.ActiveCfg = Debug|Any CPU
		{6432BE19-5669-4C45-A942-F60108E74735}.Debug|Any CPU.Build.0 = Debug|Any CPU
		{6432BE19-5669-4C45-A942-F60108E74735}.Release|Any CPU.ActiveCfg = Release|Any CPU
		{6432BE19-5669-4C45-A942-F60108E74735}.Release|Any CPU.Build.0 = Release|Any CPU
		{9B30B09E-E951-4FCF-A288-2283BC652BD6}.Debug|Any CPU.ActiveCfg = Debug|Any CPU
		{9B30B09E-E951-4FCF-A288-2283BC652BD6}.Debug|Any CPU.Build.0 = Debug|Any CPU
		{9B30B09E-E951-4FCF-A288-2283BC652BD6}.Release|Any CPU.ActiveCfg = Release|Any CPU
		{9B30B09E-E951-4FCF-A288-2283BC652BD6}.Release|Any CPU.Build.0 = Release|Any CPU
		{623351CF-0C28-4926-8F6A-D65F2D6B0103}.Debug|Any CPU.ActiveCfg = Debug|Any CPU
		{623351CF-0C28-4926-8F6A-D65F2D6B0103}.Debug|Any CPU.Build.0 = Debug|Any CPU
		{623351CF-0C28-4926-8F6A-D65F2D6B0103}.Release|Any CPU.ActiveCfg = Release|Any CPU
		{623351CF-0C28-4926-8F6A-D65F2D6B0103}.Release|Any CPU.Build.0 = Release|Any CPU
		{BDF51AD3-8A16-4E5A-8B74-E93590A8FB58}.Debug|Any CPU.ActiveCfg = Debug|Any CPU
		{BDF51AD3-8A16-4E5A-8B74-E93590A8FB58}.Debug|Any CPU.Build.0 = Debug|Any CPU
		{BDF51AD3-8A16-4E5A-8B74-E93590A8FB58}.Release|Any CPU.ActiveCfg = Release|Any CPU
		{BDF51AD3-8A16-4E5A-8B74-E93590A8FB58}.Release|Any CPU.Build.0 = Release|Any CPU
		{268A28BD-4096-4B4D-84BE-99C3DBCB8C79}.Debug|Any CPU.ActiveCfg = Debug|Any CPU
		{268A28BD-4096-4B4D-84BE-99C3DBCB8C79}.Debug|Any CPU.Build.0 = Debug|Any CPU
		{268A28BD-4096-4B4D-84BE-99C3DBCB8C79}.Release|Any CPU.ActiveCfg = Release|Any CPU
		{268A28BD-4096-4B4D-84BE-99C3DBCB8C79}.Release|Any CPU.Build.0 = Release|Any CPU
		{F054CF33-1FDB-4E5F-8C51-82EE37243F4D}.Debug|Any CPU.ActiveCfg = Debug|Any CPU
		{F054CF33-1FDB-4E5F-8C51-82EE37243F4D}.Debug|Any CPU.Build.0 = Debug|Any CPU
		{F054CF33-1FDB-4E5F-8C51-82EE37243F4D}.Release|Any CPU.ActiveCfg = Release|Any CPU
		{F054CF33-1FDB-4E5F-8C51-82EE37243F4D}.Release|Any CPU.Build.0 = Release|Any CPU
		{B7608D43-AF2A-40BE-9888-A142CDF507D9}.Debug|Any CPU.ActiveCfg = Debug|Any CPU
		{B7608D43-AF2A-40BE-9888-A142CDF507D9}.Debug|Any CPU.Build.0 = Debug|Any CPU
		{B7608D43-AF2A-40BE-9888-A142CDF507D9}.Release|Any CPU.ActiveCfg = Release|Any CPU
		{B7608D43-AF2A-40BE-9888-A142CDF507D9}.Release|Any CPU.Build.0 = Release|Any CPU
		{7A4A40A7-7075-4270-9BA0-2353F49D2930}.Debug|Any CPU.ActiveCfg = Debug|Any CPU
		{7A4A40A7-7075-4270-9BA0-2353F49D2930}.Debug|Any CPU.Build.0 = Debug|Any CPU
		{7A4A40A7-7075-4270-9BA0-2353F49D2930}.Release|Any CPU.ActiveCfg = Release|Any CPU
		{7A4A40A7-7075-4270-9BA0-2353F49D2930}.Release|Any CPU.Build.0 = Release|Any CPU
		{1A1163D7-29F0-4936-8005-96FD2D953A8F}.Debug|Any CPU.ActiveCfg = Debug|Any CPU
		{1A1163D7-29F0-4936-8005-96FD2D953A8F}.Debug|Any CPU.Build.0 = Debug|Any CPU
		{1A1163D7-29F0-4936-8005-96FD2D953A8F}.Release|Any CPU.ActiveCfg = Release|Any CPU
		{1A1163D7-29F0-4936-8005-96FD2D953A8F}.Release|Any CPU.Build.0 = Release|Any CPU
		{FAB74DC3-FC95-4D29-B6EE-15F47D16727E}.Debug|Any CPU.ActiveCfg = Debug|Any CPU
		{FAB74DC3-FC95-4D29-B6EE-15F47D16727E}.Debug|Any CPU.Build.0 = Debug|Any CPU
		{FAB74DC3-FC95-4D29-B6EE-15F47D16727E}.Release|Any CPU.ActiveCfg = Release|Any CPU
		{FAB74DC3-FC95-4D29-B6EE-15F47D16727E}.Release|Any CPU.Build.0 = Release|Any CPU
		{24166049-ADDF-4887-B19D-C4B1FADFCE34}.Debug|Any CPU.ActiveCfg = Debug|Any CPU
		{24166049-ADDF-4887-B19D-C4B1FADFCE34}.Debug|Any CPU.Build.0 = Debug|Any CPU
		{24166049-ADDF-4887-B19D-C4B1FADFCE34}.Release|Any CPU.ActiveCfg = Release|Any CPU
		{24166049-ADDF-4887-B19D-C4B1FADFCE34}.Release|Any CPU.Build.0 = Release|Any CPU
		{72E707B5-C4AA-4E2C-923A-3BB3A48D6459}.Debug|Any CPU.ActiveCfg = Debug|Any CPU
		{72E707B5-C4AA-4E2C-923A-3BB3A48D6459}.Debug|Any CPU.Build.0 = Debug|Any CPU
		{72E707B5-C4AA-4E2C-923A-3BB3A48D6459}.Release|Any CPU.ActiveCfg = Release|Any CPU
		{72E707B5-C4AA-4E2C-923A-3BB3A48D6459}.Release|Any CPU.Build.0 = Release|Any CPU
		{4D57FF3E-57B2-42F7-AE6E-F63AD5D2FCD7}.Debug|Any CPU.ActiveCfg = Debug|Any CPU
		{4D57FF3E-57B2-42F7-AE6E-F63AD5D2FCD7}.Debug|Any CPU.Build.0 = Debug|Any CPU
		{4D57FF3E-57B2-42F7-AE6E-F63AD5D2FCD7}.Release|Any CPU.ActiveCfg = Release|Any CPU
		{4D57FF3E-57B2-42F7-AE6E-F63AD5D2FCD7}.Release|Any CPU.Build.0 = Release|Any CPU
		{17DBC750-4D30-4D10-8D30-0BA9E9C9947F}.Debug|Any CPU.ActiveCfg = Debug|Any CPU
		{17DBC750-4D30-4D10-8D30-0BA9E9C9947F}.Debug|Any CPU.Build.0 = Debug|Any CPU
		{17DBC750-4D30-4D10-8D30-0BA9E9C9947F}.Release|Any CPU.ActiveCfg = Release|Any CPU
		{17DBC750-4D30-4D10-8D30-0BA9E9C9947F}.Release|Any CPU.Build.0 = Release|Any CPU
		{C5D71236-2341-4D31-AC72-381012C1F33B}.Debug|Any CPU.ActiveCfg = Debug|Any CPU
		{C5D71236-2341-4D31-AC72-381012C1F33B}.Debug|Any CPU.Build.0 = Debug|Any CPU
		{C5D71236-2341-4D31-AC72-381012C1F33B}.Release|Any CPU.ActiveCfg = Release|Any CPU
		{C5D71236-2341-4D31-AC72-381012C1F33B}.Release|Any CPU.Build.0 = Release|Any CPU
		{239E652E-F2F5-4E11-A638-BD7028476EE7}.Debug|Any CPU.ActiveCfg = Debug|Any CPU
		{239E652E-F2F5-4E11-A638-BD7028476EE7}.Debug|Any CPU.Build.0 = Debug|Any CPU
		{239E652E-F2F5-4E11-A638-BD7028476EE7}.Release|Any CPU.ActiveCfg = Release|Any CPU
		{239E652E-F2F5-4E11-A638-BD7028476EE7}.Release|Any CPU.Build.0 = Release|Any CPU
		{E8EF8ABD-C8FD-4202-84BC-8556EB9C62CA}.Debug|Any CPU.ActiveCfg = Debug|Any CPU
		{E8EF8ABD-C8FD-4202-84BC-8556EB9C62CA}.Debug|Any CPU.Build.0 = Debug|Any CPU
		{E8EF8ABD-C8FD-4202-84BC-8556EB9C62CA}.Release|Any CPU.ActiveCfg = Release|Any CPU
		{E8EF8ABD-C8FD-4202-84BC-8556EB9C62CA}.Release|Any CPU.Build.0 = Release|Any CPU
	EndGlobalSection
	GlobalSection(SolutionProperties) = preSolution
		HideSolutionNode = FALSE
	EndGlobalSection
	GlobalSection(NestedProjects) = preSolution
		{B6740E51-41FF-4AE0-9CAC-CE0A893A610C} = {C428676E-5AA9-4DE0-A17F-C7D4BD477470}
		{6787E5CF-7DBD-4EAB-BC1B-936928F8E826} = {C428676E-5AA9-4DE0-A17F-C7D4BD477470}
		{6432BE19-5669-4C45-A942-F60108E74735} = {C428676E-5AA9-4DE0-A17F-C7D4BD477470}
		{9B30B09E-E951-4FCF-A288-2283BC652BD6} = {C428676E-5AA9-4DE0-A17F-C7D4BD477470}
		{623351CF-0C28-4926-8F6A-D65F2D6B0103} = {C428676E-5AA9-4DE0-A17F-C7D4BD477470}
		{BDF51AD3-8A16-4E5A-8B74-E93590A8FB58} = {9BFB74C0-8BBE-4804-B8D1-0D036021D087}
		{268A28BD-4096-4B4D-84BE-99C3DBCB8C79} = {9BFB74C0-8BBE-4804-B8D1-0D036021D087}
		{F054CF33-1FDB-4E5F-8C51-82EE37243F4D} = {9BFB74C0-8BBE-4804-B8D1-0D036021D087}
		{B7608D43-AF2A-40BE-9888-A142CDF507D9} = {9BFB74C0-8BBE-4804-B8D1-0D036021D087}
		{7A4A40A7-7075-4270-9BA0-2353F49D2930} = {9BFB74C0-8BBE-4804-B8D1-0D036021D087}
		{1A1163D7-29F0-4936-8005-96FD2D953A8F} = {28FA202B-2D3F-4B23-8863-C552B1FB5636}
		{FAB74DC3-FC95-4D29-B6EE-15F47D16727E} = {28FA202B-2D3F-4B23-8863-C552B1FB5636}
		{24166049-ADDF-4887-B19D-C4B1FADFCE34} = {28FA202B-2D3F-4B23-8863-C552B1FB5636}
		{72E707B5-C4AA-4E2C-923A-3BB3A48D6459} = {28FA202B-2D3F-4B23-8863-C552B1FB5636}
		{4D57FF3E-57B2-42F7-AE6E-F63AD5D2FCD7} = {17E7B9E0-FD8D-4F0E-9227-561300AEE0C9}
		{17DBC750-4D30-4D10-8D30-0BA9E9C9947F} = {17E7B9E0-FD8D-4F0E-9227-561300AEE0C9}
		{C5D71236-2341-4D31-AC72-381012C1F33B} = {17E7B9E0-FD8D-4F0E-9227-561300AEE0C9}
		{239E652E-F2F5-4E11-A638-BD7028476EE7} = {17E7B9E0-FD8D-4F0E-9227-561300AEE0C9}
		{E8EF8ABD-C8FD-4202-84BC-8556EB9C62CA} = {54DC1A64-BCA2-40F9-B9BC-586006E468FB}
	EndGlobalSection
	GlobalSection(ExtensibilityGlobals) = postSolution
		SolutionGuid = {02ECE749-4241-468C-8C0D-BF68BC29C948}
	EndGlobalSection
EndGlobal
